
Microsoft Visual Studio Solution File, Format Version 12.00
# Visual Studio Version 16
VisualStudioVersion = 16.0.31613.86
MinimumVisualStudioVersion = 10.0.40219.1
Project("{FAE04EC0-301F-11D3-BF4B-00C04F79EFBC}") = "LinqExamples-C35", "LinqExamples-C35\LinqExamples-C35.csproj", "{B3123160-999D-4AE2-B8A8-3E737E417AAB}"
EndProject
Global
	GlobalSection(SolutionConfigurationPlatforms) = preSolution
		Debug|Any CPU = Debug|Any CPU
		Release|Any CPU = Release|Any CPU
	EndGlobalSection
	GlobalSection(ProjectConfigurationPlatforms) = postSolution
		{B3123160-999D-4AE2-B8A8-3E737E417AAB}.Debug|Any CPU.ActiveCfg = Debug|Any CPU
		{B3123160-999D-4AE2-B8A8-3E737E417AAB}.Debug|Any CPU.Build.0 = Debug|Any CPU
		{B3123160-999D-4AE2-B8A8-3E737E417AAB}.Release|Any CPU.ActiveCfg = Release|Any CPU
		{B3123160-999D-4AE2-B8A8-3E737E417AAB}.Release|Any CPU.Build.0 = Release|Any CPU
	EndGlobalSection
	GlobalSection(SolutionProperties) = preSolution
		HideSolutionNode = FALSE
	EndGlobalSection
	GlobalSection(ExtensibilityGlobals) = postSolution
		SolutionGuid = {897EBD66-D734-4DB5-A28D-2BD4A78760F8}
	EndGlobalSection
EndGlobal
